
Microsoft Visual Studio Solution File, Format Version 12.00
# Visual Studio 14
VisualStudioVersion = 14.0.25420.1
MinimumVisualStudioVersion = 10.0.40219.1
Project("{FAE04EC0-301F-11D3-BF4B-00C04F79EFBC}") = "Gerenciador", "Gerenciador\Gerenciador.csproj", "{29CAC38C-C87D-4E48-895D-C9325235B7A0}"
EndProject
Project("{FAE04EC0-301F-11D3-BF4B-00C04F79EFBC}") = "DbaCon", "DbaCon\DbaCon.csproj", "{F9BA8225-2952-49B5-AFD2-4C80F6317227}"
EndProject
Project("{FAE04EC0-301F-11D3-BF4B-00C04F79EFBC}") = "BLL", "BLL\BLL.csproj", "{8EBEAE5C-1110-43D2-A09F-BC79AE137CDB}"
EndProject
Project("{FAE04EC0-301F-11D3-BF4B-00C04F79EFBC}") = "DTO", "DTO\DTO.csproj", "{36785FB1-1962-4730-A2DF-D1D8DF3D7FDE}"
	ProjectSection(ProjectDependencies) = postProject
		{F9BA8225-2952-49B5-AFD2-4C80F6317227} = {F9BA8225-2952-49B5-AFD2-4C80F6317227}
	EndProjectSection
EndProject
Global
	GlobalSection(SolutionConfigurationPlatforms) = preSolution
		Debug|Any CPU = Debug|Any CPU
		Release|Any CPU = Release|Any CPU
	EndGlobalSection
	GlobalSection(ProjectConfigurationPlatforms) = postSolution
		{29CAC38C-C87D-4E48-895D-C9325235B7A0}.Debug|Any CPU.ActiveCfg = Debug|Any CPU
		{29CAC38C-C87D-4E48-895D-C9325235B7A0}.Debug|Any CPU.Build.0 = Debug|Any CPU
		{29CAC38C-C87D-4E48-895D-C9325235B7A0}.Release|Any CPU.ActiveCfg = Release|Any CPU
		{29CAC38C-C87D-4E48-895D-C9325235B7A0}.Release|Any CPU.Build.0 = Release|Any CPU
		{F9BA8225-2952-49B5-AFD2-4C80F6317227}.Debug|Any CPU.ActiveCfg = Debug|Any CPU
		{F9BA8225-2952-49B5-AFD2-4C80F6317227}.Debug|Any CPU.Build.0 = Debug|Any CPU
		{F9BA8225-2952-49B5-AFD2-4C80F6317227}.Release|Any CPU.ActiveCfg = Release|Any CPU
		{F9BA8225-2952-49B5-AFD2-4C80F6317227}.Release|Any CPU.Build.0 = Release|Any CPU
		{8EBEAE5C-1110-43D2-A09F-BC79AE137CDB}.Debug|Any CPU.ActiveCfg = Debug|Any CPU
		{8EBEAE5C-1110-43D2-A09F-BC79AE137CDB}.Debug|Any CPU.Build.0 = Debug|Any CPU
		{8EBEAE5C-1110-43D2-A09F-BC79AE137CDB}.Release|Any CPU.ActiveCfg = Release|Any CPU
		{8EBEAE5C-1110-43D2-A09F-BC79AE137CDB}.Release|Any CPU.Build.0 = Release|Any CPU
		{36785FB1-1962-4730-A2DF-D1D8DF3D7FDE}.Debug|Any CPU.ActiveCfg = Debug|Any CPU
		{36785FB1-1962-4730-A2DF-D1D8DF3D7FDE}.Debug|Any CPU.Build.0 = Debug|Any CPU
		{36785FB1-1962-4730-A2DF-D1D8DF3D7FDE}.Release|Any CPU.ActiveCfg = Release|Any CPU
		{36785FB1-1962-4730-A2DF-D1D8DF3D7FDE}.Release|Any CPU.Build.0 = Release|Any CPU
	EndGlobalSection
	GlobalSection(SolutionProperties) = preSolution
		HideSolutionNode = FALSE
	EndGlobalSection
EndGlobal
